
Microsoft Visual Studio Solution File, Format Version 12.00
# Visual Studio Version 16
VisualStudioVersion = 16.0.32802.440
MinimumVisualStudioVersion = 10.0.40219.1
Project("{FAE04EC0-301F-11D3-BF4B-00C04F79EFBC}") = "6_7_TrainDispatcher", "6_7_TrainDispatcher.csproj", "{AA1B7C94-A0E3-4297-AABB-1D33D18103FB}"
EndProject
Global
	GlobalSection(SolutionConfigurationPlatforms) = preSolution
		Debug|Any CPU = Debug|Any CPU
		Release|Any CPU = Release|Any CPU
	EndGlobalSection
	GlobalSection(ProjectConfigurationPlatforms) = postSolution
		{AA1B7C94-A0E3-4297-AABB-1D33D18103FB}.Debug|Any CPU.ActiveCfg = Debug|Any CPU
		{AA1B7C94-A0E3-4297-AABB-1D33D18103FB}.Debug|Any CPU.Build.0 = Debug|Any CPU
		{AA1B7C94-A0E3-4297-AABB-1D33D18103FB}.Release|Any CPU.ActiveCfg = Release|Any CPU
		{AA1B7C94-A0E3-4297-AABB-1D33D18103FB}.Release|Any CPU.Build.0 = Release|Any CPU
	EndGlobalSection
	GlobalSection(SolutionProperties) = preSolution
		HideSolutionNode = FALSE
	EndGlobalSection
	GlobalSection(ExtensibilityGlobals) = postSolution
		SolutionGuid = {29446460-0B72-4E17-9474-2B612F3F6CE0}
	EndGlobalSection
EndGlobal
