
Microsoft Visual Studio Solution File, Format Version 12.00
# Visual Studio Version 16
VisualStudioVersion = 16.0.32802.440
MinimumVisualStudioVersion = 10.0.40219.1
Project("{FAE04EC0-301F-11D3-BF4B-00C04F79EFBC}") = "Lesson_1.4_Pictures", "Lesson_1.4_Pictures.csproj", "{1A5915A9-83F2-46DE-B75F-C53A15680B26}"
EndProject
Global
	GlobalSection(SolutionConfigurationPlatforms) = preSolution
		Debug|Any CPU = Debug|Any CPU
		Release|Any CPU = Release|Any CPU
	EndGlobalSection
	GlobalSection(ProjectConfigurationPlatforms) = postSolution
		{1A5915A9-83F2-46DE-B75F-C53A15680B26}.Debug|Any CPU.ActiveCfg = Debug|Any CPU
		{1A5915A9-83F2-46DE-B75F-C53A15680B26}.Debug|Any CPU.Build.0 = Debug|Any CPU
		{1A5915A9-83F2-46DE-B75F-C53A15680B26}.Release|Any CPU.ActiveCfg = Release|Any CPU
		{1A5915A9-83F2-46DE-B75F-C53A15680B26}.Release|Any CPU.Build.0 = Release|Any CPU
	EndGlobalSection
	GlobalSection(SolutionProperties) = preSolution
		HideSolutionNode = FALSE
	EndGlobalSection
	GlobalSection(ExtensibilityGlobals) = postSolution
		SolutionGuid = {55522B7D-0013-4FCE-8CEE-1D777FD75A90}
	EndGlobalSection
EndGlobal
