
Microsoft Visual Studio Solution File, Format Version 12.00
# Visual Studio Version 16
VisualStudioVersion = 16.0.32802.440
MinimumVisualStudioVersion = 10.0.40219.1
Project("{FAE04EC0-301F-11D3-BF4B-00C04F79EFBC}") = "Lesson_2.5_CurrencyConverter", "Lesson_2.5_CurrencyConverter.csproj", "{71D9EA12-CE56-479D-BB73-DBCE57280851}"
EndProject
Global
	GlobalSection(SolutionConfigurationPlatforms) = preSolution
		Debug|Any CPU = Debug|Any CPU
		Release|Any CPU = Release|Any CPU
	EndGlobalSection
	GlobalSection(ProjectConfigurationPlatforms) = postSolution
		{71D9EA12-CE56-479D-BB73-DBCE57280851}.Debug|Any CPU.ActiveCfg = Debug|Any CPU
		{71D9EA12-CE56-479D-BB73-DBCE57280851}.Debug|Any CPU.Build.0 = Debug|Any CPU
		{71D9EA12-CE56-479D-BB73-DBCE57280851}.Release|Any CPU.ActiveCfg = Release|Any CPU
		{71D9EA12-CE56-479D-BB73-DBCE57280851}.Release|Any CPU.Build.0 = Release|Any CPU
	EndGlobalSection
	GlobalSection(SolutionProperties) = preSolution
		HideSolutionNode = FALSE
	EndGlobalSection
	GlobalSection(ExtensibilityGlobals) = postSolution
		SolutionGuid = {05123225-272E-4215-821D-840EC4DBBC2D}
	EndGlobalSection
EndGlobal
