
Microsoft Visual Studio Solution File, Format Version 12.00
# Visual Studio Version 16
VisualStudioVersion = 16.0.32802.440
MinimumVisualStudioVersion = 10.0.40219.1
Project("{FAE04EC0-301F-11D3-BF4B-00C04F79EFBC}") = "Lesson_3.4_Dynamic_Array", "Lesson_3.4_Dynamic_Array.csproj", "{64124F08-F681-44C7-8494-C98351C73505}"
EndProject
Global
	GlobalSection(SolutionConfigurationPlatforms) = preSolution
		Debug|Any CPU = Debug|Any CPU
		Release|Any CPU = Release|Any CPU
	EndGlobalSection
	GlobalSection(ProjectConfigurationPlatforms) = postSolution
		{64124F08-F681-44C7-8494-C98351C73505}.Debug|Any CPU.ActiveCfg = Debug|Any CPU
		{64124F08-F681-44C7-8494-C98351C73505}.Debug|Any CPU.Build.0 = Debug|Any CPU
		{64124F08-F681-44C7-8494-C98351C73505}.Release|Any CPU.ActiveCfg = Release|Any CPU
		{64124F08-F681-44C7-8494-C98351C73505}.Release|Any CPU.Build.0 = Release|Any CPU
	EndGlobalSection
	GlobalSection(SolutionProperties) = preSolution
		HideSolutionNode = FALSE
	EndGlobalSection
	GlobalSection(ExtensibilityGlobals) = postSolution
		SolutionGuid = {D2FA5CE5-29AF-4209-9E11-BE076A27235F}
	EndGlobalSection
EndGlobal
