
Microsoft Visual Studio Solution File, Format Version 12.00
# Visual Studio Version 16
VisualStudioVersion = 16.0.32802.440
MinimumVisualStudioVersion = 10.0.40219.1
Project("{FAE04EC0-301F-11D3-BF4B-00C04F79EFBC}") = "ConsoleApp1", "ConsoleApp1.csproj", "{3B2C47BE-50DC-461A-9BC0-2E0B71D6877B}"
EndProject
Global
	GlobalSection(SolutionConfigurationPlatforms) = preSolution
		Debug|Any CPU = Debug|Any CPU
		Release|Any CPU = Release|Any CPU
	EndGlobalSection
	GlobalSection(ProjectConfigurationPlatforms) = postSolution
		{3B2C47BE-50DC-461A-9BC0-2E0B71D6877B}.Debug|Any CPU.ActiveCfg = Debug|Any CPU
		{3B2C47BE-50DC-461A-9BC0-2E0B71D6877B}.Debug|Any CPU.Build.0 = Debug|Any CPU
		{3B2C47BE-50DC-461A-9BC0-2E0B71D6877B}.Release|Any CPU.ActiveCfg = Release|Any CPU
		{3B2C47BE-50DC-461A-9BC0-2E0B71D6877B}.Release|Any CPU.Build.0 = Release|Any CPU
	EndGlobalSection
	GlobalSection(SolutionProperties) = preSolution
		HideSolutionNode = FALSE
	EndGlobalSection
	GlobalSection(ExtensibilityGlobals) = postSolution
		SolutionGuid = {CF7219C8-4A5C-459C-9C47-4E24EED4CD9B}
	EndGlobalSection
EndGlobal
