
Microsoft Visual Studio Solution File, Format Version 12.00
# Visual Studio Version 16
VisualStudioVersion = 16.0.32802.440
MinimumVisualStudioVersion = 10.0.40219.1
Project("{FAE04EC0-301F-11D3-BF4B-00C04F79EFBC}") = "Lesson_5_4_PersonalAccountingProgressive", "Lesson_5_4_PersonalAccountingProgressive.csproj", "{065E1B67-A4B2-4CC9-8BE8-2ECE05E770E8}"
EndProject
Global
	GlobalSection(SolutionConfigurationPlatforms) = preSolution
		Debug|Any CPU = Debug|Any CPU
		Release|Any CPU = Release|Any CPU
	EndGlobalSection
	GlobalSection(ProjectConfigurationPlatforms) = postSolution
		{065E1B67-A4B2-4CC9-8BE8-2ECE05E770E8}.Debug|Any CPU.ActiveCfg = Debug|Any CPU
		{065E1B67-A4B2-4CC9-8BE8-2ECE05E770E8}.Debug|Any CPU.Build.0 = Debug|Any CPU
		{065E1B67-A4B2-4CC9-8BE8-2ECE05E770E8}.Release|Any CPU.ActiveCfg = Release|Any CPU
		{065E1B67-A4B2-4CC9-8BE8-2ECE05E770E8}.Release|Any CPU.Build.0 = Release|Any CPU
	EndGlobalSection
	GlobalSection(SolutionProperties) = preSolution
		HideSolutionNode = FALSE
	EndGlobalSection
	GlobalSection(ExtensibilityGlobals) = postSolution
		SolutionGuid = {3834C6D4-58F6-46FE-99A9-5862264AB281}
	EndGlobalSection
EndGlobal
