
Microsoft Visual Studio Solution File, Format Version 12.00
# Visual Studio Version 16
VisualStudioVersion = 16.0.32802.440
MinimumVisualStudioVersion = 10.0.40219.1
Project("{FAE04EC0-301F-11D3-BF4B-00C04F79EFBC}") = "Lesson_3.5_Repeating_Numbers_Subarray", "Lesson_3.5_Repeating_Numbers_Subarray.csproj", "{D9DF2AF2-6329-4104-B78C-97BFD06D8570}"
EndProject
Global
	GlobalSection(SolutionConfigurationPlatforms) = preSolution
		Debug|Any CPU = Debug|Any CPU
		Release|Any CPU = Release|Any CPU
	EndGlobalSection
	GlobalSection(ProjectConfigurationPlatforms) = postSolution
		{D9DF2AF2-6329-4104-B78C-97BFD06D8570}.Debug|Any CPU.ActiveCfg = Debug|Any CPU
		{D9DF2AF2-6329-4104-B78C-97BFD06D8570}.Debug|Any CPU.Build.0 = Debug|Any CPU
		{D9DF2AF2-6329-4104-B78C-97BFD06D8570}.Release|Any CPU.ActiveCfg = Release|Any CPU
		{D9DF2AF2-6329-4104-B78C-97BFD06D8570}.Release|Any CPU.Build.0 = Release|Any CPU
	EndGlobalSection
	GlobalSection(SolutionProperties) = preSolution
		HideSolutionNode = FALSE
	EndGlobalSection
	GlobalSection(ExtensibilityGlobals) = postSolution
		SolutionGuid = {968082AA-0235-4367-8EED-1D9CC8E724B3}
	EndGlobalSection
EndGlobal
